
Microsoft Visual Studio Solution File, Format Version 12.00
# Visual Studio Version 16
VisualStudioVersion = 16.0.29806.167
MinimumVisualStudioVersion = 10.0.40219.1
Project("{FAE04EC0-301F-11D3-BF4B-00C04F79EFBC}") = "RevitGraphicsOverride", "RevitGraphicsOverride\RevitGraphicsOverride.csproj", "{C8102BFE-9D67-46BE-865D-5144F0E88ACA}"
EndProject
Global
	GlobalSection(SolutionConfigurationPlatforms) = preSolution
		R2017|Any CPU = R2017|Any CPU
		R2018|Any CPU = R2018|Any CPU
		R2019|Any CPU = R2019|Any CPU
		R2020|Any CPU = R2020|Any CPU
		R2021|Any CPU = R2021|Any CPU
		R2022|Any CPU = R2022|Any CPU
		R2023|Any CPU = R2023|Any CPU
		R2024|Any CPU = R2024|Any CPU
	EndGlobalSection
	GlobalSection(ProjectConfigurationPlatforms) = postSolution
		{C8102BFE-9D67-46BE-865D-5144F0E88ACA}.R2017|Any CPU.ActiveCfg = R2017|Any CPU
		{C8102BFE-9D67-46BE-865D-5144F0E88ACA}.R2017|Any CPU.Build.0 = R2017|Any CPU
		{C8102BFE-9D67-46BE-865D-5144F0E88ACA}.R2018|Any CPU.ActiveCfg = R2018|Any CPU
		{C8102BFE-9D67-46BE-865D-5144F0E88ACA}.R2018|Any CPU.Build.0 = R2018|Any CPU
		{C8102BFE-9D67-46BE-865D-5144F0E88ACA}.R2019|Any CPU.ActiveCfg = R2019|Any CPU
		{C8102BFE-9D67-46BE-865D-5144F0E88ACA}.R2019|Any CPU.Build.0 = R2019|Any CPU
		{C8102BFE-9D67-46BE-865D-5144F0E88ACA}.R2020|Any CPU.ActiveCfg = R2020|Any CPU
		{C8102BFE-9D67-46BE-865D-5144F0E88ACA}.R2020|Any CPU.Build.0 = R2020|Any CPU
		{C8102BFE-9D67-46BE-865D-5144F0E88ACA}.R2021|Any CPU.ActiveCfg = R2021|Any CPU
		{C8102BFE-9D67-46BE-865D-5144F0E88ACA}.R2021|Any CPU.Build.0 = R2021|Any CPU
		{C8102BFE-9D67-46BE-865D-5144F0E88ACA}.R2022|Any CPU.ActiveCfg = R2022|Any CPU
		{C8102BFE-9D67-46BE-865D-5144F0E88ACA}.R2022|Any CPU.Build.0 = R2022|Any CPU
		{C8102BFE-9D67-46BE-865D-5144F0E88ACA}.R2023|Any CPU.ActiveCfg = R2023|Any CPU
		{C8102BFE-9D67-46BE-865D-5144F0E88ACA}.R2023|Any CPU.Build.0 = R2023|Any CPU
		{C8102BFE-9D67-46BE-865D-5144F0E88ACA}.R2024|Any CPU.ActiveCfg = R2024|Any CPU
		{C8102BFE-9D67-46BE-865D-5144F0E88ACA}.R2024|Any CPU.Build.0 = R2024|Any CPU
	EndGlobalSection
	GlobalSection(SolutionProperties) = preSolution
		HideSolutionNode = FALSE
	EndGlobalSection
	GlobalSection(ExtensibilityGlobals) = postSolution
		SolutionGuid = {D9744E61-C7CA-428D-8A4A-14E7711BB0D5}
	EndGlobalSection
EndGlobal
